<?xml version="1.0" encoding="utf-8"?>
<Project ToolsVersion="4.0" xmlns="http://schemas.microsoft.com/developer/msbuild/2003">
  <ItemGroup>
    <Filter Include="Source Files">
      <UniqueIdentifier>{4FC737F1-C7A5-4376-A066-2A32D752A2FF}</UniqueIdentifier>
      <Extensions>cpp;c;cc;cxx;def;odl;idl;hpj;bat;asm;asmx</Extensions>
    </Filter>
    <Filter Include="Header Files">
      <UniqueIdentifier>{93995380-89BD-4b04-88EB-625FBE52EBFB}</UniqueIdentifier>
      <Extensions>h;hh;hpp;hxx;hm;inl;inc;xsd</Extensions>
    </Filter>
    <Filter Include="Resource Files">
      <UniqueIdentifier>{67DA6AB6-F800-4c08-8B7A-83BB121AAD01}</UniqueIdentifier>
      <Extensions>rc;ico;cur;bmp;dlg;rc2;rct;bin;rgs;gif;jpg;jpeg;jpe;resx;tiff;tif;png;wav;mfcribbon-ms</Extensions>
    </Filter>
    <Filter Include="Resource Files\Audio Files">
      <UniqueIdentifier>{8b6b5570-d2d3-44b1-84de-5ce1e0c8bcc5}</UniqueIdentifier>
    </Filter>
  </ItemGroup>
  <ItemGroup>
    <ClCompile Include="Cryptography.cpp">
      <Filter>Source Files</Filter>
    </ClCompile>
    <ClCompile Include="MatrixMath.cpp">
      <Filter>Source Files</Filter>
    </ClCompile>
    <ClCompile Include="KeyGenerate.cpp">
      <Filter>Source Files</Filter>
    </ClCompile>
    <ClCompile Include="Conversions.cpp">
      <Filter>Source Files</Filter>
    </ClCompile>
    <ClCompile Include="IO.cpp">
      <Filter>Source Files</Filter>
    </ClCompile>
    <ClCompile Include="FileIO.cpp">
      <Filter>Source Files</Filter>
    </ClCompile>
    <ClCompile Include="Encrypt.cpp">
      <Filter>Source Files</Filter>
    </ClCompile>
    <ClCompile Include="Decrypt.cpp">
      <Filter>Source Files</Filter>
    </ClCompile>
    <ClCompile Include="Sounds.cpp">
      <Filter>Source Files</Filter>
    </ClCompile>
    <ClCompile Include="Graphics.cpp">
      <Filter>Source Files</Filter>
    </ClCompile>
    <ClCompile Include="HashAES.cpp">
      <Filter>Source Files</Filter>
    </ClCompile>
  </ItemGroup>
  <ItemGroup>
    <ClInclude Include="Headers\Conversions.h">
      <Filter>Header Files</Filter>
    </ClInclude>
    <ClInclude Include="Headers\IO.h">
      <Filter>Header Files</Filter>
    </ClInclude>
    <ClInclude Include="Headers\KeyGenerate.h">
      <Filter>Header Files</Filter>
    </ClInclude>
    <ClInclude Include="Headers\MatrixMath.h">
      <Filter>Header Files</Filter>
    </ClInclude>
    <ClInclude Include="Headers\Encrypt.h">
      <Filter>Header Files</Filter>
    </ClInclude>
    <ClInclude Include="Headers\Decrypt.h">
      <Filter>Header Files</Filter>
    </ClInclude>
    <ClInclude Include="Headers\FileIO.h">
      <Filter>Header Files</Filter>
    </ClInclude>
    <ClInclude Include="Headers\Sounds.h">
      <Filter>Header Files</Filter>
    </ClInclude>
    <ClInclude Include="Headers\Graphics.h">
      <Filter>Header Files</Filter>
    </ClInclude>
    <ClInclude Include="resource.h">
      <Filter>Header Files</Filter>
    </ClInclude>
    <ClInclude Include="Headers\HashAES.h">
      <Filter>Header Files</Filter>
    </ClInclude>
    <ClInclude Include="Headers\Cryptography.h">
      <Filter>Header Files</Filter>
    </ClInclude>
  </ItemGroup>
  <ItemGroup>
    <Media Include="Audio Files\Button Press.wav">
      <Filter>Resource Files\Audio Files</Filter>
    </Media>
    <Media Include="Audio Files\James Bond.wav">
      <Filter>Resource Files\Audio Files</Filter>
    </Media>
    <Media Include="Audio Files\Mission Impossible.wav">
      <Filter>Resource Files\Audio Files</Filter>
    </Media>
    <Media Include="Audio Files\Pink Panther.wav">
      <Filter>Resource Files\Audio Files</Filter>
    </Media>
    <Media Include="Audio Files\Blast.wav">
      <Filter>Resource Files</Filter>
    </Media>
  </ItemGroup>
  <ItemGroup>
    <ResourceCompile Include="Cryptography Project.rc">
      <Filter>Resource Files</Filter>
    </ResourceCompile>
  </ItemGroup>
  <ItemGroup>
    <Image Include="Resource Files\Test Icon.ico">
      <Filter>Resource Files</Filter>
    </Image>
  </ItemGroup>
  <ItemGroup>
    <None Include="resource files\sound1.bin">
      <Filter>Resource Files</Filter>
    </None>
  </ItemGroup>
</Project>